
Microsoft Visual Studio Solution File, Format Version 12.00
# Visual Studio Version 16
VisualStudioVersion = 16.0.29102.190
MinimumVisualStudioVersion = 10.0.40219.1
Project("{FAE04EC0-301F-11D3-BF4B-00C04F79EFBC}") = "IMO", "IMO\IMO.csproj", "{34AA79BD-6140-4FAE-92EE-DB9F19CB48A2}"
EndProject
Global
	GlobalSection(SolutionConfigurationPlatforms) = preSolution
		Debug|Any CPU = Debug|Any CPU
		Release|Any CPU = Release|Any CPU
	EndGlobalSection
	GlobalSection(ProjectConfigurationPlatforms) = postSolution
		{34AA79BD-6140-4FAE-92EE-DB9F19CB48A2}.Debug|Any CPU.ActiveCfg = Debug|Any CPU
		{34AA79BD-6140-4FAE-92EE-DB9F19CB48A2}.Debug|Any CPU.Build.0 = Debug|Any CPU
		{34AA79BD-6140-4FAE-92EE-DB9F19CB48A2}.Release|Any CPU.ActiveCfg = Release|Any CPU
		{34AA79BD-6140-4FAE-92EE-DB9F19CB48A2}.Release|Any CPU.Build.0 = Release|Any CPU
	EndGlobalSection
	GlobalSection(SolutionProperties) = preSolution
		HideSolutionNode = FALSE
	EndGlobalSection
	GlobalSection(ExtensibilityGlobals) = postSolution
		SolutionGuid = {1B3E7D4B-FDC4-4D08-9432-C09ABFB198F7}
	EndGlobalSection
EndGlobal
